
Microsoft Visual Studio Solution File, Format Version 12.00
# Visual Studio Version 17
VisualStudioVersion = 17.0.31903.59
MinimumVisualStudioVersion = 10.0.40219.1
Project("{2150E333-8FDC-42A3-9474-1A3956D46DE8}") = "src", "src", "{827E0CD3-B72D-47B6-A68D-7590B98EB39B}"
EndProject
Project("{FAE04EC0-301F-11D3-BF4B-00C04F79EFBC}") = "Domain", "src\Domain\Domain.csproj", "{9102CB15-7B4B-4D8D-ABB6-D08F8B1C169B}"
EndProject
Project("{FAE04EC0-301F-11D3-BF4B-00C04F79EFBC}") = "Service", "src\Service\Service.csproj", "{11267C68-3BB7-4064-BB9B-CAAEA8F3E25F}"
EndProject
Project("{FAE04EC0-301F-11D3-BF4B-00C04F79EFBC}") = "Data.Postgres", "src\Data.Postgres\Data.Postgres.csproj", "{AD0DEBEF-1D69-432B-BFF6-1E64CBE4D721}"
EndProject
Project("{FAE04EC0-301F-11D3-BF4B-00C04F79EFBC}") = "Util", "src\Util\Util.csproj", "{29C943C2-A1C4-42FD-B81B-5839D7FFF0C6}"
EndProject
Project("{FAE04EC0-301F-11D3-BF4B-00C04F79EFBC}") = "Facade", "src\Facade\Facade.csproj", "{99D1FF51-180B-412E-86AC-7ABFEB2AA88B}"
EndProject
Project("{2150E333-8FDC-42A3-9474-1A3956D46DE8}") = "tests", "tests", "{0AB3BF05-4346-4AA6-1389-037BE0695223}"
EndProject
Project("{FAE04EC0-301F-11D3-BF4B-00C04F79EFBC}") = "UnitTests", "tests\UnitTests\UnitTests.csproj", "{B5C02523-D3E2-4E0E-926D-6F1A713205AD}"
EndProject
Project("{FAE04EC0-301F-11D3-BF4B-00C04F79EFBC}") = "ArchitectureTests", "tests\ArchitectureTests\ArchitectureTests.csproj", "{EF84A051-497E-4A52-9972-4477E7218BBC}"
EndProject
Global
	GlobalSection(SolutionConfigurationPlatforms) = preSolution
		Debug|Any CPU = Debug|Any CPU
		Debug|x64 = Debug|x64
		Debug|x86 = Debug|x86
		Release|Any CPU = Release|Any CPU
		Release|x64 = Release|x64
		Release|x86 = Release|x86
	EndGlobalSection
	GlobalSection(ProjectConfigurationPlatforms) = postSolution
		{9102CB15-7B4B-4D8D-ABB6-D08F8B1C169B}.Debug|Any CPU.ActiveCfg = Debug|Any CPU
		{9102CB15-7B4B-4D8D-ABB6-D08F8B1C169B}.Debug|Any CPU.Build.0 = Debug|Any CPU
		{9102CB15-7B4B-4D8D-ABB6-D08F8B1C169B}.Debug|x64.ActiveCfg = Debug|Any CPU
		{9102CB15-7B4B-4D8D-ABB6-D08F8B1C169B}.Debug|x64.Build.0 = Debug|Any CPU
		{9102CB15-7B4B-4D8D-ABB6-D08F8B1C169B}.Debug|x86.ActiveCfg = Debug|Any CPU
		{9102CB15-7B4B-4D8D-ABB6-D08F8B1C169B}.Debug|x86.Build.0 = Debug|Any CPU
		{9102CB15-7B4B-4D8D-ABB6-D08F8B1C169B}.Release|Any CPU.ActiveCfg = Release|Any CPU
		{9102CB15-7B4B-4D8D-ABB6-D08F8B1C169B}.Release|Any CPU.Build.0 = Release|Any CPU
		{9102CB15-7B4B-4D8D-ABB6-D08F8B1C169B}.Release|x64.ActiveCfg = Release|Any CPU
		{9102CB15-7B4B-4D8D-ABB6-D08F8B1C169B}.Release|x64.Build.0 = Release|Any CPU
		{9102CB15-7B4B-4D8D-ABB6-D08F8B1C169B}.Release|x86.ActiveCfg = Release|Any CPU
		{9102CB15-7B4B-4D8D-ABB6-D08F8B1C169B}.Release|x86.Build.0 = Release|Any CPU
		{11267C68-3BB7-4064-BB9B-CAAEA8F3E25F}.Debug|Any CPU.ActiveCfg = Debug|Any CPU
		{11267C68-3BB7-4064-BB9B-CAAEA8F3E25F}.Debug|Any CPU.Build.0 = Debug|Any CPU
		{11267C68-3BB7-4064-BB9B-CAAEA8F3E25F}.Debug|x64.ActiveCfg = Debug|Any CPU
		{11267C68-3BB7-4064-BB9B-CAAEA8F3E25F}.Debug|x64.Build.0 = Debug|Any CPU
		{11267C68-3BB7-4064-BB9B-CAAEA8F3E25F}.Debug|x86.ActiveCfg = Debug|Any CPU
		{11267C68-3BB7-4064-BB9B-CAAEA8F3E25F}.Debug|x86.Build.0 = Debug|Any CPU
		{11267C68-3BB7-4064-BB9B-CAAEA8F3E25F}.Release|Any CPU.ActiveCfg = Release|Any CPU
		{11267C68-3BB7-4064-BB9B-CAAEA8F3E25F}.Release|Any CPU.Build.0 = Release|Any CPU
		{11267C68-3BB7-4064-BB9B-CAAEA8F3E25F}.Release|x64.ActiveCfg = Release|Any CPU
		{11267C68-3BB7-4064-BB9B-CAAEA8F3E25F}.Release|x64.Build.0 = Release|Any CPU
		{11267C68-3BB7-4064-BB9B-CAAEA8F3E25F}.Release|x86.ActiveCfg = Release|Any CPU
		{11267C68-3BB7-4064-BB9B-CAAEA8F3E25F}.Release|x86.Build.0 = Release|Any CPU
		{AD0DEBEF-1D69-432B-BFF6-1E64CBE4D721}.Debug|Any CPU.ActiveCfg = Debug|Any CPU
		{AD0DEBEF-1D69-432B-BFF6-1E64CBE4D721}.Debug|Any CPU.Build.0 = Debug|Any CPU
		{AD0DEBEF-1D69-432B-BFF6-1E64CBE4D721}.Debug|x64.ActiveCfg = Debug|Any CPU
		{AD0DEBEF-1D69-432B-BFF6-1E64CBE4D721}.Debug|x64.Build.0 = Debug|Any CPU
		{AD0DEBEF-1D69-432B-BFF6-1E64CBE4D721}.Debug|x86.ActiveCfg = Debug|Any CPU
		{AD0DEBEF-1D69-432B-BFF6-1E64CBE4D721}.Debug|x86.Build.0 = Debug|Any CPU
		{AD0DEBEF-1D69-432B-BFF6-1E64CBE4D721}.Release|Any CPU.ActiveCfg = Release|Any CPU
		{AD0DEBEF-1D69-432B-BFF6-1E64CBE4D721}.Release|Any CPU.Build.0 = Release|Any CPU
		{AD0DEBEF-1D69-432B-BFF6-1E64CBE4D721}.Release|x64.ActiveCfg = Release|Any CPU
		{AD0DEBEF-1D69-432B-BFF6-1E64CBE4D721}.Release|x64.Build.0 = Release|Any CPU
		{AD0DEBEF-1D69-432B-BFF6-1E64CBE4D721}.Release|x86.ActiveCfg = Release|Any CPU
		{AD0DEBEF-1D69-432B-BFF6-1E64CBE4D721}.Release|x86.Build.0 = Release|Any CPU
		{29C943C2-A1C4-42FD-B81B-5839D7FFF0C6}.Debug|Any CPU.ActiveCfg = Debug|Any CPU
		{29C943C2-A1C4-42FD-B81B-5839D7FFF0C6}.Debug|Any CPU.Build.0 = Debug|Any CPU
		{29C943C2-A1C4-42FD-B81B-5839D7FFF0C6}.Debug|x64.ActiveCfg = Debug|Any CPU
		{29C943C2-A1C4-42FD-B81B-5839D7FFF0C6}.Debug|x64.Build.0 = Debug|Any CPU
		{29C943C2-A1C4-42FD-B81B-5839D7FFF0C6}.Debug|x86.ActiveCfg = Debug|Any CPU
		{29C943C2-A1C4-42FD-B81B-5839D7FFF0C6}.Debug|x86.Build.0 = Debug|Any CPU
		{29C943C2-A1C4-42FD-B81B-5839D7FFF0C6}.Release|Any CPU.ActiveCfg = Release|Any CPU
		{29C943C2-A1C4-42FD-B81B-5839D7FFF0C6}.Release|Any CPU.Build.0 = Release|Any CPU
		{29C943C2-A1C4-42FD-B81B-5839D7FFF0C6}.Release|x64.ActiveCfg = Release|Any CPU
		{29C943C2-A1C4-42FD-B81B-5839D7FFF0C6}.Release|x64.Build.0 = Release|Any CPU
		{29C943C2-A1C4-42FD-B81B-5839D7FFF0C6}.Release|x86.ActiveCfg = Release|Any CPU
		{29C943C2-A1C4-42FD-B81B-5839D7FFF0C6}.Release|x86.Build.0 = Release|Any CPU
		{99D1FF51-180B-412E-86AC-7ABFEB2AA88B}.Debug|Any CPU.ActiveCfg = Debug|Any CPU
		{99D1FF51-180B-412E-86AC-7ABFEB2AA88B}.Debug|Any CPU.Build.0 = Debug|Any CPU
		{99D1FF51-180B-412E-86AC-7ABFEB2AA88B}.Debug|x64.ActiveCfg = Debug|Any CPU
		{99D1FF51-180B-412E-86AC-7ABFEB2AA88B}.Debug|x64.Build.0 = Debug|Any CPU
		{99D1FF51-180B-412E-86AC-7ABFEB2AA88B}.Debug|x86.ActiveCfg = Debug|Any CPU
		{99D1FF51-180B-412E-86AC-7ABFEB2AA88B}.Debug|x86.Build.0 = Debug|Any CPU
		{99D1FF51-180B-412E-86AC-7ABFEB2AA88B}.Release|Any CPU.ActiveCfg = Release|Any CPU
		{99D1FF51-180B-412E-86AC-7ABFEB2AA88B}.Release|Any CPU.Build.0 = Release|Any CPU
		{99D1FF51-180B-412E-86AC-7ABFEB2AA88B}.Release|x64.ActiveCfg = Release|Any CPU
		{99D1FF51-180B-412E-86AC-7ABFEB2AA88B}.Release|x64.Build.0 = Release|Any CPU
		{99D1FF51-180B-412E-86AC-7ABFEB2AA88B}.Release|x86.ActiveCfg = Release|Any CPU
		{99D1FF51-180B-412E-86AC-7ABFEB2AA88B}.Release|x86.Build.0 = Release|Any CPU
		{B5C02523-D3E2-4E0E-926D-6F1A713205AD}.Debug|Any CPU.ActiveCfg = Debug|Any CPU
		{B5C02523-D3E2-4E0E-926D-6F1A713205AD}.Debug|Any CPU.Build.0 = Debug|Any CPU
		{B5C02523-D3E2-4E0E-926D-6F1A713205AD}.Debug|x64.ActiveCfg = Debug|Any CPU
		{B5C02523-D3E2-4E0E-926D-6F1A713205AD}.Debug|x64.Build.0 = Debug|Any CPU
		{B5C02523-D3E2-4E0E-926D-6F1A713205AD}.Debug|x86.ActiveCfg = Debug|Any CPU
		{B5C02523-D3E2-4E0E-926D-6F1A713205AD}.Debug|x86.Build.0 = Debug|Any CPU
		{B5C02523-D3E2-4E0E-926D-6F1A713205AD}.Release|Any CPU.ActiveCfg = Release|Any CPU
		{B5C02523-D3E2-4E0E-926D-6F1A713205AD}.Release|Any CPU.Build.0 = Release|Any CPU
		{B5C02523-D3E2-4E0E-926D-6F1A713205AD}.Release|x64.ActiveCfg = Release|Any CPU
		{B5C02523-D3E2-4E0E-926D-6F1A713205AD}.Release|x64.Build.0 = Release|Any CPU
		{B5C02523-D3E2-4E0E-926D-6F1A713205AD}.Release|x86.ActiveCfg = Release|Any CPU
		{B5C02523-D3E2-4E0E-926D-6F1A713205AD}.Release|x86.Build.0 = Release|Any CPU
		{EF84A051-497E-4A52-9972-4477E7218BBC}.Debug|Any CPU.ActiveCfg = Debug|Any CPU
		{EF84A051-497E-4A52-9972-4477E7218BBC}.Debug|Any CPU.Build.0 = Debug|Any CPU
		{EF84A051-497E-4A52-9972-4477E7218BBC}.Debug|x64.ActiveCfg = Debug|Any CPU
		{EF84A051-497E-4A52-9972-4477E7218BBC}.Debug|x64.Build.0 = Debug|Any CPU
		{EF84A051-497E-4A52-9972-4477E7218BBC}.Debug|x86.ActiveCfg = Debug|Any CPU
		{EF84A051-497E-4A52-9972-4477E7218BBC}.Debug|x86.Build.0 = Debug|Any CPU
		{EF84A051-497E-4A52-9972-4477E7218BBC}.Release|Any CPU.ActiveCfg = Release|Any CPU
		{EF84A051-497E-4A52-9972-4477E7218BBC}.Release|Any CPU.Build.0 = Release|Any CPU
		{EF84A051-497E-4A52-9972-4477E7218BBC}.Release|x64.ActiveCfg = Release|Any CPU
		{EF84A051-497E-4A52-9972-4477E7218BBC}.Release|x64.Build.0 = Release|Any CPU
		{EF84A051-497E-4A52-9972-4477E7218BBC}.Release|x86.ActiveCfg = Release|Any CPU
		{EF84A051-497E-4A52-9972-4477E7218BBC}.Release|x86.Build.0 = Release|Any CPU
	EndGlobalSection
	GlobalSection(SolutionProperties) = preSolution
		HideSolutionNode = FALSE
	EndGlobalSection
	GlobalSection(NestedProjects) = preSolution
		{9102CB15-7B4B-4D8D-ABB6-D08F8B1C169B} = {827E0CD3-B72D-47B6-A68D-7590B98EB39B}
		{11267C68-3BB7-4064-BB9B-CAAEA8F3E25F} = {827E0CD3-B72D-47B6-A68D-7590B98EB39B}
		{AD0DEBEF-1D69-432B-BFF6-1E64CBE4D721} = {827E0CD3-B72D-47B6-A68D-7590B98EB39B}
		{29C943C2-A1C4-42FD-B81B-5839D7FFF0C6} = {827E0CD3-B72D-47B6-A68D-7590B98EB39B}
		{99D1FF51-180B-412E-86AC-7ABFEB2AA88B} = {827E0CD3-B72D-47B6-A68D-7590B98EB39B}
		{B5C02523-D3E2-4E0E-926D-6F1A713205AD} = {0AB3BF05-4346-4AA6-1389-037BE0695223}
		{EF84A051-497E-4A52-9972-4477E7218BBC} = {0AB3BF05-4346-4AA6-1389-037BE0695223}
	EndGlobalSection
EndGlobal
